
Microsoft Visual Studio Solution File, Format Version 12.00
# Visual Studio Version 17
VisualStudioVersion = 17.4.33205.214
MinimumVisualStudioVersion = 10.0.40219.1
Project("{9A19103F-16F7-4668-BE54-9A1E7A4F7556}") = "LibraryMVC", "LibraryMVC\LibraryMVC.csproj", "{3B455D56-F0EE-43E0-B478-098704166513}"
EndProject
Global
	GlobalSection(SolutionConfigurationPlatforms) = preSolution
		Debug|Any CPU = Debug|Any CPU
		Release|Any CPU = Release|Any CPU
	EndGlobalSection
	GlobalSection(ProjectConfigurationPlatforms) = postSolution
		{3B455D56-F0EE-43E0-B478-098704166513}.Debug|Any CPU.ActiveCfg = Debug|Any CPU
		{3B455D56-F0EE-43E0-B478-098704166513}.Debug|Any CPU.Build.0 = Debug|Any CPU
		{3B455D56-F0EE-43E0-B478-098704166513}.Release|Any CPU.ActiveCfg = Release|Any CPU
		{3B455D56-F0EE-43E0-B478-098704166513}.Release|Any CPU.Build.0 = Release|Any CPU
	EndGlobalSection
	GlobalSection(SolutionProperties) = preSolution
		HideSolutionNode = FALSE
	EndGlobalSection
	GlobalSection(ExtensibilityGlobals) = postSolution
		SolutionGuid = {696D3304-2596-4D76-8122-40E1B32BA2B7}
	EndGlobalSection
EndGlobal
